PODS:
  - Alamofire (5.2.2)
  - Realm (5.3.1):
    - Realm/Headers (= 5.3.1)
  - Realm/Headers (5.3.1)
  - RealmSwift (5.3.1):
    - Realm (= 5.3.1)
  - SnapKit (5.0.1)

DEPENDENCIES:
  - Alamofire
  - RealmSwift
  - SnapKit (~> 5.0.1)

SPEC REPOS:
  trunk:
    - Alamofire
    - Realm
    - RealmSwift
    - SnapKit

SPEC CHECKSUMS:
  Alamofire: 814429acc853c6c54ff123fc3d2ef66803823ce0
  Realm: 8ec860dc0c3079f7cab1085d95661a06f162d487
  RealmSwift: ca9d0df752157befb8c28034301f988a56ce91eb
  SnapKit: 97b92857e3df3a0c71833cce143274bf6ef8e5eb

PODFILE CHECKSUM: 5adf371e4bc19727688e551f635415e8f5b5ca39

COCOAPODS: 1.9.3
